
Microsoft Visual Studio Solution File, Format Version 12.00
# Visual Studio Version 16
VisualStudioVersion = 16.0.29230.47
MinimumVisualStudioVersion = 10.0.40219.1
Project("{FAE04EC0-301F-11D3-BF4B-00C04F79EFBC}") = "цикл шарп №2", "цикл шарп №2\цикл шарп №2.csproj", "{D8830810-F389-4152-9A59-68003C3C0146}"
EndProject
Global
	GlobalSection(SolutionConfigurationPlatforms) = preSolution
		Debug|Any CPU = Debug|Any CPU
		Release|Any CPU = Release|Any CPU
	EndGlobalSection
	GlobalSection(ProjectConfigurationPlatforms) = postSolution
		{D8830810-F389-4152-9A59-68003C3C0146}.Debug|Any CPU.ActiveCfg = Debug|Any CPU
		{D8830810-F389-4152-9A59-68003C3C0146}.Debug|Any CPU.Build.0 = Debug|Any CPU
		{D8830810-F389-4152-9A59-68003C3C0146}.Release|Any CPU.ActiveCfg = Release|Any CPU
		{D8830810-F389-4152-9A59-68003C3C0146}.Release|Any CPU.Build.0 = Release|Any CPU
	EndGlobalSection
	GlobalSection(SolutionProperties) = preSolution
		HideSolutionNode = FALSE
	EndGlobalSection
	GlobalSection(ExtensibilityGlobals) = postSolution
		SolutionGuid = {E14DF57F-C54A-4164-98BB-1D68998D7CCF}
	EndGlobalSection
EndGlobal
